
Microsoft Visual Studio Solution File, Format Version 12.00
# Visual Studio Version 16
VisualStudioVersion = 25.0.1706.14
MinimumVisualStudioVersion = 10.0.40219.1
Project("{FAE04EC0-301F-11D3-BF4B-00C04F79EFBC}") = "Puranik_Vineet_HW3", "Puranik_Vineet_HW3\Puranik_Vineet_HW3.csproj", "{E92E1F95-B883-420F-B226-1521C9C70E90}"
EndProject
Global
	GlobalSection(SolutionConfigurationPlatforms) = preSolution
		Debug|Any CPU = Debug|Any CPU
		Release|Any CPU = Release|Any CPU
	EndGlobalSection
	GlobalSection(ProjectConfigurationPlatforms) = postSolution
		{E92E1F95-B883-420F-B226-1521C9C70E90}.Debug|Any CPU.ActiveCfg = Debug|Any CPU
		{E92E1F95-B883-420F-B226-1521C9C70E90}.Debug|Any CPU.Build.0 = Debug|Any CPU
		{E92E1F95-B883-420F-B226-1521C9C70E90}.Release|Any CPU.ActiveCfg = Release|Any CPU
		{E92E1F95-B883-420F-B226-1521C9C70E90}.Release|Any CPU.Build.0 = Release|Any CPU
	EndGlobalSection
	GlobalSection(SolutionProperties) = preSolution
		HideSolutionNode = FALSE
	EndGlobalSection
	GlobalSection(ExtensibilityGlobals) = postSolution
		SolutionGuid = {CCD4DFDF-E8F7-4826-A01B-66AB8C817F15}
	EndGlobalSection
EndGlobal
