
Microsoft Visual Studio Solution File, Format Version 12.00
# Visual Studio Version 16
VisualStudioVersion = 25.0.1706.14
MinimumVisualStudioVersion = 10.0.40219.1
Project("{FAE04EC0-301F-11D3-BF4B-00C04F79EFBC}") = "Puranik_Vineet_HW4", "Puranik_Vineet_HW4\Puranik_Vineet_HW4.csproj", "{BCCFAEA9-7E20-43B8-835F-7E65F33C6E79}"
EndProject
Global
	GlobalSection(SolutionConfigurationPlatforms) = preSolution
		Debug|Any CPU = Debug|Any CPU
		Release|Any CPU = Release|Any CPU
	EndGlobalSection
	GlobalSection(ProjectConfigurationPlatforms) = postSolution
		{BCCFAEA9-7E20-43B8-835F-7E65F33C6E79}.Debug|Any CPU.ActiveCfg = Debug|Any CPU
		{BCCFAEA9-7E20-43B8-835F-7E65F33C6E79}.Debug|Any CPU.Build.0 = Debug|Any CPU
		{BCCFAEA9-7E20-43B8-835F-7E65F33C6E79}.Release|Any CPU.ActiveCfg = Release|Any CPU
		{BCCFAEA9-7E20-43B8-835F-7E65F33C6E79}.Release|Any CPU.Build.0 = Release|Any CPU
	EndGlobalSection
	GlobalSection(SolutionProperties) = preSolution
		HideSolutionNode = FALSE
	EndGlobalSection
	GlobalSection(ExtensibilityGlobals) = postSolution
		SolutionGuid = {45971AB8-74C9-415B-BD07-1724C14BC934}
	EndGlobalSection
EndGlobal
